
Microsoft Visual Studio Solution File, Format Version 12.00
# Visual Studio Version 17
VisualStudioVersion = 17.14.36414.22
MinimumVisualStudioVersion = 10.0.40219.1
Project("{2150E333-8FDC-42A3-9474-1A3956D46DE8}") = "Task0", "Task0", "{02EA681E-C7D8-13C7-8484-4AC65E1B71E8}"
EndProject
Project("{FAE04EC0-301F-11D3-BF4B-00C04F79EFBC}") = "Tyuiu.KorolkovDS.Sprint1.Task0.V21", "Tyuiu.KorolkovDS.Sprint1.Task0.V21\Tyuiu.KorolkovDS.Sprint1.Task0.V21.csproj", "{54C766B8-E5C2-4350-8DF9-BD5AEBB6F8AF}"
EndProject
Project("{FAE04EC0-301F-11D3-BF4B-00C04F79EFBC}") = "Tyuiu.KorolkovDS.Sprint1.Task0.V21.Lib", "Tyuiu.KorolkovDS.Sprint1.Task0.V21.Lib\Tyuiu.KorolkovDS.Sprint1.Task0.V21.Lib.csproj", "{CD6D8DFD-0820-42E8-8640-B22D099CCD33}"
EndProject
Project("{FAE04EC0-301F-11D3-BF4B-00C04F79EFBC}") = "Tyuiu.KorolkovDS.Sprint1.Task0.V21.Test", "Tyuiu.KorolkovDS.Sprint1.Task0.V21.Test\Tyuiu.KorolkovDS.Sprint1.Task0.V21.Test.csproj", "{DAFEF612-38E0-4CFE-8AAE-4AD29C27A0EE}"
EndProject
Project("{2150E333-8FDC-42A3-9474-1A3956D46DE8}") = "Task1", "Task1", "{43A217C9-1F62-4E1F-AA23-2F6F26A2CE31}"
EndProject
Project("{FAE04EC0-301F-11D3-BF4B-00C04F79EFBC}") = "Tyuiu.KorolkovDS.Sprint1.Task1.V4", "Tyuiu.KorolkovDS.Sprint1.Task1.V4\Tyuiu.KorolkovDS.Sprint1.Task1.V4.csproj", "{34B68FF2-45CD-4777-8236-5CCD78CE4F4F}"
EndProject
Project("{FAE04EC0-301F-11D3-BF4B-00C04F79EFBC}") = "Tyuiu.KorolkovDS.Sprint1.Task1.V4.Lib", "Tyuiu.KorolkovDS.Sprint1.Task1.V4.Lib\Tyuiu.KorolkovDS.Sprint1.Task1.V4.Lib.csproj", "{74D6BB01-FA7B-45A9-8703-EC4CADC224AA}"
EndProject
Project("{FAE04EC0-301F-11D3-BF4B-00C04F79EFBC}") = "Tyuiu.KorolkovDS.Sprint1.Task1.V4.Test", "Tyuiu.KorolkovDS.Sprint1.Task1.V4.Test\Tyuiu.KorolkovDS.Sprint1.Task1.V4.Test.csproj", "{1F6CA8A1-FF44-41B2-BAA1-5C47D832B9D1}"
EndProject
Project("{2150E333-8FDC-42A3-9474-1A3956D46DE8}") = "Task2", "Task2", "{BA2BE26A-62FC-43CB-8471-2D5B7B51CA7E}"
EndProject
Project("{FAE04EC0-301F-11D3-BF4B-00C04F79EFBC}") = "Tyuiu.KorolkovDS.Sprint1.Task2.V28", "Tyuiu.KorolkovDS.Sprint1.Task2.V28\Tyuiu.KorolkovDS.Sprint1.Task2.V28.csproj", "{AB2035A3-8164-481D-A10B-42C513B1EE52}"
EndProject
Project("{FAE04EC0-301F-11D3-BF4B-00C04F79EFBC}") = "Tyuiu.KorolkovDS.Sprint1.Task2.V28.Lib", "Tyuiu.KorolkovDS.Sprint1.Task2.V28.Lib\Tyuiu.KorolkovDS.Sprint1.Task2.V28.Lib.csproj", "{48CD659C-40F2-42C9-8FEC-D3EA320B8256}"
EndProject
Project("{FAE04EC0-301F-11D3-BF4B-00C04F79EFBC}") = "Tyuiu.KorolkovDS.Sprint1.Task2.V28.Test", "Tyuiu.KorolkovDS.Sprint1.Task2.V28.Test\Tyuiu.KorolkovDS.Sprint1.Task2.V28.Test.csproj", "{71B6158B-59F6-4385-B786-07E16B7EEC5F}"
EndProject
Project("{2150E333-8FDC-42A3-9474-1A3956D46DE8}") = "Task3", "Task3", "{CD8F89A1-9EBE-4693-88CC-6757539C0DAB}"
EndProject
Project("{FAE04EC0-301F-11D3-BF4B-00C04F79EFBC}") = "Tyuiu.KorolkovDS.Sprint1.Task3.V11", "Tyuiu.KorolkovDS.Sprint1.Task3.V11\Tyuiu.KorolkovDS.Sprint1.Task3.V11.csproj", "{3E93E52E-08DF-468C-A488-63F65C0FCC4C}"
EndProject
Project("{FAE04EC0-301F-11D3-BF4B-00C04F79EFBC}") = "Tyuiu.KorolkovDS.Sprint1.Task3.V11.Lib", "Tyuiu.KorolkovDS.Sprint1.Task3.V11.Lib\Tyuiu.KorolkovDS.Sprint1.Task3.V11.Lib.csproj", "{40862934-B510-4446-A001-965E40F7B9B6}"
EndProject
Project("{FAE04EC0-301F-11D3-BF4B-00C04F79EFBC}") = "Tyuiu.KorolkovDS.Sprint1.Task3.V11.Test", "Tyuiu.KorolkovDS.Sprint1.Task3.V11.Test\Tyuiu.KorolkovDS.Sprint1.Task3.V11.Test.csproj", "{1E8B900D-CE3C-41B2-81C1-3D34A659B16A}"
EndProject
Project("{2150E333-8FDC-42A3-9474-1A3956D46DE8}") = "Task4", "Task4", "{C1453D23-07B3-4C20-9DE6-1EAF602ECE34}"
EndProject
Project("{FAE04EC0-301F-11D3-BF4B-00C04F79EFBC}") = "Tyuiu.KorolkovDS.Sprint1.Task4.V18", "Tyuiu.KorolkovDS.Sprint1.Task4.V18\Tyuiu.KorolkovDS.Sprint1.Task4.V18.csproj", "{F9FA4C09-6BBA-43FE-872E-9AAF9ACD19C9}"
EndProject
Project("{FAE04EC0-301F-11D3-BF4B-00C04F79EFBC}") = "Tyuiu.KorolkovDS.Sprint1.Task4.V18.Lib", "Tyuiu.KorolkovDS.Sprint1.Task4.V18.Lib\Tyuiu.KorolkovDS.Sprint1.Task4.V18.Lib.csproj", "{695C5835-7D7D-4D72-AC76-C481B8402A8D}"
EndProject
Project("{FAE04EC0-301F-11D3-BF4B-00C04F79EFBC}") = "Tyuiu.KorolkovDS.Sprint1.Task4.V18.Test", "Tyuiu.KorolkovDS.Sprint1.Task4.V18.Test\Tyuiu.KorolkovDS.Sprint1.Task4.V18.Test.csproj", "{3B426265-5D95-403F-AF37-68B2F3ADE412}"
EndProject
Project("{2150E333-8FDC-42A3-9474-1A3956D46DE8}") = "Task5", "Task5", "{57250D6A-ED25-4454-9029-5F2A3AA97514}"
EndProject
Project("{FAE04EC0-301F-11D3-BF4B-00C04F79EFBC}") = "Tyuiu.KorolkovDS.Sprint1.Task5.V4", "Tyuiu.KorolkovDS.Sprint1.Task5.V4\Tyuiu.KorolkovDS.Sprint1.Task5.V4.csproj", "{8CA830CC-762E-45A2-A006-1434FE98135E}"
EndProject
Project("{FAE04EC0-301F-11D3-BF4B-00C04F79EFBC}") = "Tyuiu.KorolkovDS.Sprint1.Task5.V4.Lib", "Tyuiu.KorolkovDS.Sprint1.Task5.V4.Lib\Tyuiu.KorolkovDS.Sprint1.Task5.V4.Lib.csproj", "{860F8E40-5C71-4119-90D5-CB2373EBC4F4}"
EndProject
Project("{FAE04EC0-301F-11D3-BF4B-00C04F79EFBC}") = "Tyuiu.KorolkovDS.Sprint1.Task5.V4.Test", "Tyuiu.KorolkovDS.Sprint1.Task5.V4.Test\Tyuiu.KorolkovDS.Sprint1.Task5.V4.Test.csproj", "{7AEF227A-11EB-4658-913F-1C5D9194AF75}"
EndProject
Project("{2150E333-8FDC-42A3-9474-1A3956D46DE8}") = "Task6", "Task6", "{82258174-E349-40D6-B09C-CFC0E76AD607}"
EndProject
Project("{FAE04EC0-301F-11D3-BF4B-00C04F79EFBC}") = "Tyuiu.KorolkovDS.Sprint1.Task6.V14", "Tyuiu.KorolkovDS.Sprint1.Task6.V14\Tyuiu.KorolkovDS.Sprint1.Task6.V14.csproj", "{211CBBFC-10BE-4C0D-8BDE-1E8C1A4C7888}"
EndProject
Project("{FAE04EC0-301F-11D3-BF4B-00C04F79EFBC}") = "Tyuiu.KorolkovDS.Sprint1.Task6.V14.Lib", "Tyuiu.KorolkovDS.Sprint1.Task6.V14.Lib\Tyuiu.KorolkovDS.Sprint1.Task6.V14.Lib.csproj", "{64DB455F-ACD0-4954-BA03-51D70291A783}"
EndProject
Project("{FAE04EC0-301F-11D3-BF4B-00C04F79EFBC}") = "Tyuiu.KorolkovDS.Sprint1.Task6.V14.Test", "Tyuiu.KorolkovDS.Sprint1.Task6.V14.Test\Tyuiu.KorolkovDS.Sprint1.Task6.V14.Test.csproj", "{9173C0FD-618A-4C5B-8676-702C682330FE}"
EndProject
Global
	GlobalSection(SolutionConfigurationPlatforms) = preSolution
		Debug|Any CPU = Debug|Any CPU
		Release|Any CPU = Release|Any CPU
	EndGlobalSection
	GlobalSection(ProjectConfigurationPlatforms) = postSolution
		{54C766B8-E5C2-4350-8DF9-BD5AEBB6F8AF}.Debug|Any CPU.ActiveCfg = Debug|Any CPU
		{54C766B8-E5C2-4350-8DF9-BD5AEBB6F8AF}.Debug|Any CPU.Build.0 = Debug|Any CPU
		{54C766B8-E5C2-4350-8DF9-BD5AEBB6F8AF}.Release|Any CPU.ActiveCfg = Release|Any CPU
		{54C766B8-E5C2-4350-8DF9-BD5AEBB6F8AF}.Release|Any CPU.Build.0 = Release|Any CPU
		{CD6D8DFD-0820-42E8-8640-B22D099CCD33}.Debug|Any CPU.ActiveCfg = Debug|Any CPU
		{CD6D8DFD-0820-42E8-8640-B22D099CCD33}.Debug|Any CPU.Build.0 = Debug|Any CPU
		{CD6D8DFD-0820-42E8-8640-B22D099CCD33}.Release|Any CPU.ActiveCfg = Release|Any CPU
		{CD6D8DFD-0820-42E8-8640-B22D099CCD33}.Release|Any CPU.Build.0 = Release|Any CPU
		{DAFEF612-38E0-4CFE-8AAE-4AD29C27A0EE}.Debug|Any CPU.ActiveCfg = Debug|Any CPU
		{DAFEF612-38E0-4CFE-8AAE-4AD29C27A0EE}.Debug|Any CPU.Build.0 = Debug|Any CPU
		{DAFEF612-38E0-4CFE-8AAE-4AD29C27A0EE}.Release|Any CPU.ActiveCfg = Release|Any CPU
		{DAFEF612-38E0-4CFE-8AAE-4AD29C27A0EE}.Release|Any CPU.Build.0 = Release|Any CPU
		{34B68FF2-45CD-4777-8236-5CCD78CE4F4F}.Debug|Any CPU.ActiveCfg = Debug|Any CPU
		{34B68FF2-45CD-4777-8236-5CCD78CE4F4F}.Debug|Any CPU.Build.0 = Debug|Any CPU
		{34B68FF2-45CD-4777-8236-5CCD78CE4F4F}.Release|Any CPU.ActiveCfg = Release|Any CPU
		{34B68FF2-45CD-4777-8236-5CCD78CE4F4F}.Release|Any CPU.Build.0 = Release|Any CPU
		{74D6BB01-FA7B-45A9-8703-EC4CADC224AA}.Debug|Any CPU.ActiveCfg = Debug|Any CPU
		{74D6BB01-FA7B-45A9-8703-EC4CADC224AA}.Debug|Any CPU.Build.0 = Debug|Any CPU
		{74D6BB01-FA7B-45A9-8703-EC4CADC224AA}.Release|Any CPU.ActiveCfg = Release|Any CPU
		{74D6BB01-FA7B-45A9-8703-EC4CADC224AA}.Release|Any CPU.Build.0 = Release|Any CPU
		{1F6CA8A1-FF44-41B2-BAA1-5C47D832B9D1}.Debug|Any CPU.ActiveCfg = Debug|Any CPU
		{1F6CA8A1-FF44-41B2-BAA1-5C47D832B9D1}.Debug|Any CPU.Build.0 = Debug|Any CPU
		{1F6CA8A1-FF44-41B2-BAA1-5C47D832B9D1}.Release|Any CPU.ActiveCfg = Release|Any CPU
		{1F6CA8A1-FF44-41B2-BAA1-5C47D832B9D1}.Release|Any CPU.Build.0 = Release|Any CPU
		{AB2035A3-8164-481D-A10B-42C513B1EE52}.Debug|Any CPU.ActiveCfg = Debug|Any CPU
		{AB2035A3-8164-481D-A10B-42C513B1EE52}.Debug|Any CPU.Build.0 = Debug|Any CPU
		{AB2035A3-8164-481D-A10B-42C513B1EE52}.Release|Any CPU.ActiveCfg = Release|Any CPU
		{AB2035A3-8164-481D-A10B-42C513B1EE52}.Release|Any CPU.Build.0 = Release|Any CPU
		{48CD659C-40F2-42C9-8FEC-D3EA320B8256}.Debug|Any CPU.ActiveCfg = Debug|Any CPU
		{48CD659C-40F2-42C9-8FEC-D3EA320B8256}.Debug|Any CPU.Build.0 = Debug|Any CPU
		{48CD659C-40F2-42C9-8FEC-D3EA320B8256}.Release|Any CPU.ActiveCfg = Release|Any CPU
		{48CD659C-40F2-42C9-8FEC-D3EA320B8256}.Release|Any CPU.Build.0 = Release|Any CPU
		{71B6158B-59F6-4385-B786-07E16B7EEC5F}.Debug|Any CPU.ActiveCfg = Debug|Any CPU
		{71B6158B-59F6-4385-B786-07E16B7EEC5F}.Debug|Any CPU.Build.0 = Debug|Any CPU
		{71B6158B-59F6-4385-B786-07E16B7EEC5F}.Release|Any CPU.ActiveCfg = Release|Any CPU
		{71B6158B-59F6-4385-B786-07E16B7EEC5F}.Release|Any CPU.Build.0 = Release|Any CPU
		{3E93E52E-08DF-468C-A488-63F65C0FCC4C}.Debug|Any CPU.ActiveCfg = Debug|Any CPU
		{3E93E52E-08DF-468C-A488-63F65C0FCC4C}.Debug|Any CPU.Build.0 = Debug|Any CPU
		{3E93E52E-08DF-468C-A488-63F65C0FCC4C}.Release|Any CPU.ActiveCfg = Release|Any CPU
		{3E93E52E-08DF-468C-A488-63F65C0FCC4C}.Release|Any CPU.Build.0 = Release|Any CPU
		{40862934-B510-4446-A001-965E40F7B9B6}.Debug|Any CPU.ActiveCfg = Debug|Any CPU
		{40862934-B510-4446-A001-965E40F7B9B6}.Debug|Any CPU.Build.0 = Debug|Any CPU
		{40862934-B510-4446-A001-965E40F7B9B6}.Release|Any CPU.ActiveCfg = Release|Any CPU
		{40862934-B510-4446-A001-965E40F7B9B6}.Release|Any CPU.Build.0 = Release|Any CPU
		{1E8B900D-CE3C-41B2-81C1-3D34A659B16A}.Debug|Any CPU.ActiveCfg = Debug|Any CPU
		{1E8B900D-CE3C-41B2-81C1-3D34A659B16A}.Debug|Any CPU.Build.0 = Debug|Any CPU
		{1E8B900D-CE3C-41B2-81C1-3D34A659B16A}.Release|Any CPU.ActiveCfg = Release|Any CPU
		{1E8B900D-CE3C-41B2-81C1-3D34A659B16A}.Release|Any CPU.Build.0 = Release|Any CPU
		{F9FA4C09-6BBA-43FE-872E-9AAF9ACD19C9}.Debug|Any CPU.ActiveCfg = Debug|Any CPU
		{F9FA4C09-6BBA-43FE-872E-9AAF9ACD19C9}.Debug|Any CPU.Build.0 = Debug|Any CPU
		{F9FA4C09-6BBA-43FE-872E-9AAF9ACD19C9}.Release|Any CPU.ActiveCfg = Release|Any CPU
		{F9FA4C09-6BBA-43FE-872E-9AAF9ACD19C9}.Release|Any CPU.Build.0 = Release|Any CPU
		{695C5835-7D7D-4D72-AC76-C481B8402A8D}.Debug|Any CPU.ActiveCfg = Debug|Any CPU
		{695C5835-7D7D-4D72-AC76-C481B8402A8D}.Debug|Any CPU.Build.0 = Debug|Any CPU
		{695C5835-7D7D-4D72-AC76-C481B8402A8D}.Release|Any CPU.ActiveCfg = Release|Any CPU
		{695C5835-7D7D-4D72-AC76-C481B8402A8D}.Release|Any CPU.Build.0 = Release|Any CPU
		{3B426265-5D95-403F-AF37-68B2F3ADE412}.Debug|Any CPU.ActiveCfg = Debug|Any CPU
		{3B426265-5D95-403F-AF37-68B2F3ADE412}.Debug|Any CPU.Build.0 = Debug|Any CPU
		{3B426265-5D95-403F-AF37-68B2F3ADE412}.Release|Any CPU.ActiveCfg = Release|Any CPU
		{3B426265-5D95-403F-AF37-68B2F3ADE412}.Release|Any CPU.Build.0 = Release|Any CPU
		{8CA830CC-762E-45A2-A006-1434FE98135E}.Debug|Any CPU.ActiveCfg = Debug|Any CPU
		{8CA830CC-762E-45A2-A006-1434FE98135E}.Debug|Any CPU.Build.0 = Debug|Any CPU
		{8CA830CC-762E-45A2-A006-1434FE98135E}.Release|Any CPU.ActiveCfg = Release|Any CPU
		{8CA830CC-762E-45A2-A006-1434FE98135E}.Release|Any CPU.Build.0 = Release|Any CPU
		{860F8E40-5C71-4119-90D5-CB2373EBC4F4}.Debug|Any CPU.ActiveCfg = Debug|Any CPU
		{860F8E40-5C71-4119-90D5-CB2373EBC4F4}.Debug|Any CPU.Build.0 = Debug|Any CPU
		{860F8E40-5C71-4119-90D5-CB2373EBC4F4}.Release|Any CPU.ActiveCfg = Release|Any CPU
		{860F8E40-5C71-4119-90D5-CB2373EBC4F4}.Release|Any CPU.Build.0 = Release|Any CPU
		{7AEF227A-11EB-4658-913F-1C5D9194AF75}.Debug|Any CPU.ActiveCfg = Debug|Any CPU
		{7AEF227A-11EB-4658-913F-1C5D9194AF75}.Debug|Any CPU.Build.0 = Debug|Any CPU
		{7AEF227A-11EB-4658-913F-1C5D9194AF75}.Release|Any CPU.ActiveCfg = Release|Any CPU
		{7AEF227A-11EB-4658-913F-1C5D9194AF75}.Release|Any CPU.Build.0 = Release|Any CPU
		{211CBBFC-10BE-4C0D-8BDE-1E8C1A4C7888}.Debug|Any CPU.ActiveCfg = Debug|Any CPU
		{211CBBFC-10BE-4C0D-8BDE-1E8C1A4C7888}.Debug|Any CPU.Build.0 = Debug|Any CPU
		{211CBBFC-10BE-4C0D-8BDE-1E8C1A4C7888}.Release|Any CPU.ActiveCfg = Release|Any CPU
		{211CBBFC-10BE-4C0D-8BDE-1E8C1A4C7888}.Release|Any CPU.Build.0 = Release|Any CPU
		{64DB455F-ACD0-4954-BA03-51D70291A783}.Debug|Any CPU.ActiveCfg = Debug|Any CPU
		{64DB455F-ACD0-4954-BA03-51D70291A783}.Debug|Any CPU.Build.0 = Debug|Any CPU
		{64DB455F-ACD0-4954-BA03-51D70291A783}.Release|Any CPU.ActiveCfg = Release|Any CPU
		{64DB455F-ACD0-4954-BA03-51D70291A783}.Release|Any CPU.Build.0 = Release|Any CPU
		{9173C0FD-618A-4C5B-8676-702C682330FE}.Debug|Any CPU.ActiveCfg = Debug|Any CPU
		{9173C0FD-618A-4C5B-8676-702C682330FE}.Debug|Any CPU.Build.0 = Debug|Any CPU
		{9173C0FD-618A-4C5B-8676-702C682330FE}.Release|Any CPU.ActiveCfg = Release|Any CPU
		{9173C0FD-618A-4C5B-8676-702C682330FE}.Release|Any CPU.Build.0 = Release|Any CPU
	EndGlobalSection
	GlobalSection(SolutionProperties) = preSolution
		HideSolutionNode = FALSE
	EndGlobalSection
	GlobalSection(NestedProjects) = preSolution
		{54C766B8-E5C2-4350-8DF9-BD5AEBB6F8AF} = {02EA681E-C7D8-13C7-8484-4AC65E1B71E8}
		{CD6D8DFD-0820-42E8-8640-B22D099CCD33} = {02EA681E-C7D8-13C7-8484-4AC65E1B71E8}
		{DAFEF612-38E0-4CFE-8AAE-4AD29C27A0EE} = {02EA681E-C7D8-13C7-8484-4AC65E1B71E8}
		{34B68FF2-45CD-4777-8236-5CCD78CE4F4F} = {43A217C9-1F62-4E1F-AA23-2F6F26A2CE31}
		{74D6BB01-FA7B-45A9-8703-EC4CADC224AA} = {43A217C9-1F62-4E1F-AA23-2F6F26A2CE31}
		{1F6CA8A1-FF44-41B2-BAA1-5C47D832B9D1} = {43A217C9-1F62-4E1F-AA23-2F6F26A2CE31}
		{AB2035A3-8164-481D-A10B-42C513B1EE52} = {BA2BE26A-62FC-43CB-8471-2D5B7B51CA7E}
		{48CD659C-40F2-42C9-8FEC-D3EA320B8256} = {BA2BE26A-62FC-43CB-8471-2D5B7B51CA7E}
		{71B6158B-59F6-4385-B786-07E16B7EEC5F} = {BA2BE26A-62FC-43CB-8471-2D5B7B51CA7E}
		{3E93E52E-08DF-468C-A488-63F65C0FCC4C} = {CD8F89A1-9EBE-4693-88CC-6757539C0DAB}
		{40862934-B510-4446-A001-965E40F7B9B6} = {CD8F89A1-9EBE-4693-88CC-6757539C0DAB}
		{1E8B900D-CE3C-41B2-81C1-3D34A659B16A} = {CD8F89A1-9EBE-4693-88CC-6757539C0DAB}
		{F9FA4C09-6BBA-43FE-872E-9AAF9ACD19C9} = {C1453D23-07B3-4C20-9DE6-1EAF602ECE34}
		{695C5835-7D7D-4D72-AC76-C481B8402A8D} = {C1453D23-07B3-4C20-9DE6-1EAF602ECE34}
		{3B426265-5D95-403F-AF37-68B2F3ADE412} = {C1453D23-07B3-4C20-9DE6-1EAF602ECE34}
		{8CA830CC-762E-45A2-A006-1434FE98135E} = {57250D6A-ED25-4454-9029-5F2A3AA97514}
		{860F8E40-5C71-4119-90D5-CB2373EBC4F4} = {57250D6A-ED25-4454-9029-5F2A3AA97514}
		{7AEF227A-11EB-4658-913F-1C5D9194AF75} = {57250D6A-ED25-4454-9029-5F2A3AA97514}
		{211CBBFC-10BE-4C0D-8BDE-1E8C1A4C7888} = {82258174-E349-40D6-B09C-CFC0E76AD607}
		{64DB455F-ACD0-4954-BA03-51D70291A783} = {82258174-E349-40D6-B09C-CFC0E76AD607}
		{9173C0FD-618A-4C5B-8676-702C682330FE} = {82258174-E349-40D6-B09C-CFC0E76AD607}
	EndGlobalSection
	GlobalSection(ExtensibilityGlobals) = postSolution
		SolutionGuid = {D1AF8E40-D602-46A4-88C7-35A100006640}
	EndGlobalSection
EndGlobal
